// !$*UTF8*$!
{
	archiveVersion = 1;
	classes = {
	};
	objectVersion = 50;
	objects = {

/* Begin PBXBuildFile section */
		6733EAA4214808FA00617836 /* AppDelegate.swift in Sources */ = {isa = PBXBuildFile; fileRef = 6733EAA3214808FA00617836 /* AppDelegate.swift */; };
		6733EAA6214808FA00617836 /* ViewController.swift in Sources */ = {isa = PBXBuildFile; fileRef = 6733EAA5214808FA00617836 /* ViewController.swift */; };
		6733EAA9214808FA00617836 /* Main.storyboard in Resources */ = {isa = PBXBuildFile; fileRef = 6733EAA7214808FA00617836 /* Main.storyboard */; };
		6733EAAB214808FC00617836 /* Assets.xcassets in Resources */ = {isa = PBXBuildFile; fileRef = 6733EAAA214808FC00617836 /* Assets.xcassets */; };
		6733EAAE214808FC00617836 /* LaunchScreen.storyboard in Resources */ = {isa = PBXBuildFile; fileRef = 6733EAAC214808FC00617836 /* LaunchScreen.storyboard */; };
		6733EAB9214808FD00617836 /* FlixDemo03Tests.swift in Sources */ = {isa = PBXBuildFile; fileRef = 6733EAB8214808FD00617836 /* FlixDemo03Tests.swift */; };
		6733EAC4214808FD00617836 /* FlixDemo03UITests.swift in Sources */ = {isa = PBXBuildFile; fileRef = 6733EAC3214808FD00617836 /* FlixDemo03UITests.swift */; };
/* End PBXBuildFile section */

/* Begin PBXContainerItemProxy section */
		6733EAB5214808FD00617836 /* PBXContainerItemProxy */ = {
			isa = PBXContainerItemProxy;
			containerPortal = 6733EA98214808FA00617836 /* Project object */;
			proxyType = 1;
			remoteGlobalIDString = 6733EA9F214808FA00617836;
			remoteInfo = FlixDemo03;
		};
		6733EAC0214808FD00617836 /* PBXContainerItemProxy */ = {
			isa = PBXContainerItemProxy;
			containerPortal = 6733EA98214808FA00617836 /* Project object */;
			proxyType = 1;
			remoteGlobalIDString = 6733EA9F214808FA00617836;
			remoteInfo = FlixDemo03;
		};
/* End PBXContainerItemProxy section */

/* Begin PBXFileReference section */
		6733EAA0214808FA00617836 /* FlixDemo03.app */ = {isa = PBXFileReference; explicitFileType = wrapper.application; includeInIndex = 0; path = FlixDemo03.app; sourceTree = BUILT_PRODUCTS_DIR; };
		6733EAA3214808FA00617836 /* AppDelegate.swift */ = {isa = PBXFileReference; lastKnownFileType = sourcecode.swift; path = AppDelegate.swift; sourceTree = "<group>"; };
		6733EAA5214808FA00617836 /* ViewController.swift */ = {isa = PBXFileReference; lastKnownFileType = sourcecode.swift; path = ViewController.swift; sourceTree = "<group>"; };
		6733EAA8214808FA00617836 /* Base */ = {isa = PBXFileReference; lastKnownFileType = file.storyboard; name = Base; path = Base.lproj/Main.storyboard; sourceTree = "<group>"; };
		6733EAAA214808FC00617836 /* Assets.xcassets */ = {isa = PBXFileReference; lastKnownFileType = folder.assetcatalog; path = Assets.xcassets; sourceTree = "<group>"; };
		6733EAAD214808FC00617836 /* Base */ = {isa = PBXFileReference; lastKnownFileType = file.storyboard; name = Base; path = Base.lproj/LaunchScreen.storyboard; sourceTree = "<group>"; };
		6733EAAF214808FC00617836 /* Info.plist */ = {isa = PBXFileReference; lastKnownFileType = text.plist.xml; path = Info.plist; sourceTree = "<group>"; };
		6733EAB4214808FC00617836 /* FlixDemo03Tests.xctest */ = {isa = PBXFileReference; explicitFileType = wrapper.cfbundle; includeInIndex = 0; path = FlixDemo03Tests.xctest; sourceTree = BUILT_PRODUCTS_DIR; };
		6733EAB8214808FD00617836 /* FlixDemo03Tests.swift */ = {isa = PBXFileReference; lastKnownFileType = sourcecode.swift; path = FlixDemo03Tests.swift; sourceTree = "<group>"; };
		6733EABA214808FD00617836 /* Info.plist */ = {isa = PBXFileReference; lastKnownFileType = text.plist.xml; path = Info.plist; sourceTree = "<group>"; };
		6733EABF214808FD00617836 /* FlixDemo03UITests.xctest */ = {isa = PBXFileReference; explicitFileType = wrapper.cfbundle; includeInIndex = 0; path = FlixDemo03UITests.xctest; sourceTree = BUILT_PRODUCTS_DIR; };
		6733EAC3214808FD00617836 /* FlixDemo03UITests.swift */ = {isa = PBXFileReference; lastKnownFileType = sourcecode.swift; path = FlixDemo03UITests.swift; sourceTree = "<group>"; };
		6733EAC5214808FD00617836 /* Info.plist */ = {isa = PBXFileReference; lastKnownFileType = text.plist.xml; path = Info.plist; sourceTree = "<group>"; };
/* End PBXFileReference section */

/* Begin PBXFrameworksBuildPhase section */
		6733EA9D214808FA00617836 /* Frameworks */ = {
			isa = PBXFrameworksBuildPhase;
			buildActionMask = 2147483647;
			files = (
			);
			runOnlyForDeploymentPostprocessing = 0;
		};
		6733EAB1214808FC00617836 /* Frameworks */ = {
			isa = PBXFrameworksBuildPhase;
			buildActionMask = 2147483647;
			files = (
			);
			runOnlyForDeploymentPostprocessing = 0;
		};
		6733EABC214808FD00617836 /* Frameworks */ = {
			isa = PBXFrameworksBuildPhase;
			buildActionMask = 2147483647;
			files = (
			);
			runOnlyForDeploymentPostprocessing = 0;
		};
/* End PBXFrameworksBuildPhase section */

/* Begin PBXGroup section */
		6733EA97214808FA00617836 = {
			isa = PBXGroup;
			children = (
				6733EAA2214808FA00617836 /* FlixDemo03 */,
				6733EAB7214808FD00617836 /* FlixDemo03Tests */,
				6733EAC2214808FD00617836 /* FlixDemo03UITests */,
				6733EAA1214808FA00617836 /* Products */,
			);
			sourceTree = "<group>";
		};
		6733EAA1214808FA00617836 /* Products */ = {
			isa = PBXGroup;
			children = (
				6733EAA0214808FA00617836 /* FlixDemo03.app */,
				6733EAB4214808FC00617836 /* FlixDemo03Tests.xctest */,
				6733EABF214808FD00617836 /* FlixDemo03UITests.xctest */,
			);
			name = Products;
			sourceTree = "<group>";
		};
		6733EAA2214808FA00617836 /* FlixDemo03 */ = {
			isa = PBXGroup;
			children = (
				6733EAA3214808FA00617836 /* AppDelegate.swift */,
				6733EAA5214808FA00617836 /* ViewController.swift */,
				6733EAA7214808FA00617836 /* Main.storyboard */,
				6733EAAA214808FC00617836 /* Assets.xcassets */,
				6733EAAC214808FC00617836 /* LaunchScreen.storyboard */,
				6733EAAF214808FC00617836 /* Info.plist */,
			);
			path = FlixDemo03;
			sourceTree = "<group>";
		};
		6733EAB7214808FD00617836 /* FlixDemo03Tests */ = {
			isa = PBXGroup;
			children = (
				6733EAB8214808FD00617836 /* FlixDemo03Tests.swift */,
				6733EABA214808FD00617836 /* Info.plist */,
			);
			path = FlixDemo03Tests;
			sourceTree = "<group>";
		};
		6733EAC2214808FD00617836 /* FlixDemo03UITests */ = {
			isa = PBXGroup;
			children = (
				6733EAC3214808FD00617836 /* FlixDemo03UITests.swift */,
				6733EAC5214808FD00617836 /* Info.plist */,
			);
			path = FlixDemo03UITests;
			sourceTree = "<group>";
		};
/* End PBXGroup section */

/* Begin PBXNativeTarget section */
		6733EA9F214808FA00617836 /* FlixDemo03 */ = {
			isa = PBXNativeTarget;
			buildConfigurationList = 6733EAC8214808FD00617836 /* Build configuration list for PBXNativeTarget "FlixDemo03" */;
			buildPhases = (
				6733EA9C214808FA00617836 /* Sources */,
				6733EA9D214808FA00617836 /* Frameworks */,
				6733EA9E214808FA00617836 /* Resources */,
			);
			buildRules = (
			);
			dependencies = (
			);
			name = FlixDemo03;
			productName = FlixDemo03;
			productReference = 6733EAA0214808FA00617836 /* FlixDemo03.app */;
			productType = "com.apple.product-type.application";
		};
		6733EAB3214808FC00617836 /* FlixDemo03Tests */ = {
			isa = PBXNativeTarget;
			buildConfigurationList = 6733EACB214808FD00617836 /* Build configuration list for PBXNativeTarget "FlixDemo03Tests" */;
			buildPhases = (
				6733EAB0214808FC00617836 /* Sources */,
				6733EAB1214808FC00617836 /* Frameworks */,
				6733EAB2214808FC00617836 /* Resources */,
			);
			buildRules = (
			);
			dependencies = (
				6733EAB6214808FD00617836 /* PBXTargetDependency */,
			);
			name = FlixDemo03Tests;
			productName = FlixDemo03Tests;
			productReference = 6733EAB4214808FC00617836 /* FlixDemo03Tests.xctest */;
			productType = "com.apple.product-type.bundle.unit-test";
		};
		6733EABE214808FD00617836 /* FlixDemo03UITests */ = {
			isa = PBXNativeTarget;
			buildConfigurationList = 6733EACE214808FD00617836 /* Build configuration list for PBXNativeTarget "FlixDemo03UITests" */;
			buildPhases = (
				6733EABB214808FD00617836 /* Sources */,
				6733EABC214808FD00617836 /* Frameworks */,
				6733EABD214808FD00617836 /* Resources */,
			);
			buildRules = (
			);
			dependencies = (
				6733EAC1214808FD00617836 /* PBXTargetDependency */,
			);
			name = FlixDemo03UITests;
			productName = FlixDemo03UITests;
			productReference = 6733EABF214808FD00617836 /* FlixDemo03UITests.xctest */;
			productType = "com.apple.product-type.bundle.ui-testing";
		};
/* End PBXNativeTarget section */

/* Begin PBXProject section */
		6733EA98214808FA00617836 /* Project object */ = {
			isa = PBXProject;
			attributes = {
				LastSwiftUpdateCheck = 0940;
				LastUpgradeCheck = 0940;
				ORGANIZATIONNAME = "Seaon Shin";
				TargetAttributes = {
					6733EA9F214808FA00617836 = {
						CreatedOnToolsVersion = 9.4.1;
					};
					6733EAB3214808FC00617836 = {
						CreatedOnToolsVersion = 9.4.1;
						TestTargetID = 6733EA9F214808FA00617836;
					};
					6733EABE214808FD00617836 = {
						CreatedOnToolsVersion = 9.4.1;
						TestTargetID = 6733EA9F214808FA00617836;
					};
				};
			};
			buildConfigurationList = 6733EA9B214808FA00617836 /* Build configuration list for PBXProject "FlixDemo03" */;
			compatibilityVersion = "Xcode 9.3";
			developmentRegion = en;
			hasScannedForEncodings = 0;
			knownRegions = (
				en,
				Base,
			);
			mainGroup = 6733EA97214808FA00617836;
			productRefGroup = 6733EAA1214808FA00617836 /* Products */;
			projectDirPath = "";
			projectRoot = "";
			targets = (
				6733EA9F214808FA00617836 /* FlixDemo03 */,
				6733EAB3214808FC00617836 /* FlixDemo03Tests */,
				6733EABE214808FD00617836 /* FlixDemo03UITests */,
			);
		};
/* End PBXProject section */

/* Begin PBXResourcesBuildPhase section */
		6733EA9E214808FA00617836 /* Resources */ = {
			isa = PBXResourcesBuildPhase;
			buildActionMask = 2147483647;
			files = (
				6733EAAE214808FC00617836 /* LaunchScreen.storyboard in Resources */,
				6733EAAB214808FC00617836 /* Assets.xcassets in Resources */,
				6733EAA9214808FA00617836 /* Main.storyboard in Resources */,
			);
			runOnlyForDeploymentPostprocessing = 0;
		};
		6733EAB2214808FC00617836 /* Resources */ = {
			isa = PBXResourcesBuildPhase;
			buildActionMask = 2147483647;
			files = (
			);
			runOnlyForDeploymentPostprocessing = 0;
		};
		6733EABD214808FD00617836 /* Resources */ = {
			isa = PBXResourcesBuildPhase;
			buildActionMask = 2147483647;
			files = (
			);
			runOnlyForDeploymentPostprocessing = 0;
		};
/* End PBXResourcesBuildPhase section */

/* Begin PBXSourcesBuildPhase section */
		6733EA9C214808FA00617836 /* Sources */ = {
			isa = PBXSourcesBuildPhase;
			buildActionMask = 2147483647;
			files = (
				6733EAA6214808FA00617836 /* ViewController.swift in Sources */,
				6733EAA4214808FA00617836 /* AppDelegate.swift in Sources */,
			);
			runOnlyForDeploymentPostprocessing = 0;
		};
		6733EAB0214808FC00617836 /* Sources */ = {
			isa = PBXSourcesBuildPhase;
			buildActionMask = 2147483647;
			files = (
				6733EAB9214808FD00617836 /* FlixDemo03Tests.swift in Sources */,
			);
			runOnlyForDeploymentPostprocessing = 0;
		};
		6733EABB214808FD00617836 /* Sources */ = {
			isa = PBXSourcesBuildPhase;
			buildActionMask = 2147483647;
			files = (
				6733EAC4214808FD00617836 /* FlixDemo03UITests.swift in Sources */,
			);
			runOnlyForDeploymentPostprocessing = 0;
		};
/* End PBXSourcesBuildPhase section */

/* Begin PBXTargetDependency section */
		6733EAB6214808FD00617836 /* PBXTargetDependency */ = {
			isa = PBXTargetDependency;
			target = 6733EA9F214808FA00617836 /* FlixDemo03 */;
			targetProxy = 6733EAB5214808FD00617836 /* PBXContainerItemProxy */;
		};
		6733EAC1214808FD00617836 /* PBXTargetDependency */ = {
			isa = PBXTargetDependency;
			target = 6733EA9F214808FA00617836 /* FlixDemo03 */;
			targetProxy = 6733EAC0214808FD00617836 /* PBXContainerItemProxy */;
		};
/* End PBXTargetDependency section */

/* Begin PBXVariantGroup section */
		6733EAA7214808FA00617836 /* Main.storyboard */ = {
			isa = PBXVariantGroup;
			children = (
				6733EAA8214808FA00617836 /* Base */,
			);
			name = Main.storyboard;
			sourceTree = "<group>";
		};
		6733EAAC214808FC00617836 /* LaunchScreen.storyboard */ = {
			isa = PBXVariantGroup;
			children = (
				6733EAAD214808FC00617836 /* Base */,
			);
			name = LaunchScreen.storyboard;
			sourceTree = "<group>";
		};
/* End PBXVariantGroup section */

/* Begin XCBuildConfiguration section */
		6733EAC6214808FD00617836 /* Debug */ = {
			isa = XCBuildConfiguration;
			buildSettings = {
				ALWAYS_SEARCH_USER_PATHS = NO;
				CLANG_ANALYZER_NONNULL = YES;
				CLANG_ANALYZER_NUMBER_OBJECT_CONVERSION = YES_AGGRESSIVE;
				CLANG_CXX_LANGUAGE_STANDARD = "gnu++14";
				CLANG_CXX_LIBRARY = "libc++";
				CLANG_ENABLE_MODULES = YES;
				CLANG_ENABLE_OBJC_ARC = YES;
				CLANG_ENABLE_OBJC_WEAK = YES;
				CLANG_WARN_BLOCK_CAPTURE_AUTORELEASING = YES;
				CLANG_WARN_BOOL_CONVERSION = YES;
				CLANG_WARN_COMMA = YES;
				CLANG_WARN_CONSTANT_CONVERSION = YES;
				CLANG_WARN_DEPRECATED_OBJC_IMPLEMENTATIONS = YES;
				CLANG_WARN_DIRECT_OBJC_ISA_USAGE = YES_ERROR;
				CLANG_WARN_DOCUMENTATION_COMMENTS = YES;
				CLANG_WARN_EMPTY_BODY = YES;
				CLANG_WARN_ENUM_CONVERSION = YES;
				CLANG_WARN_INFINITE_RECURSION = YES;
				CLANG_WARN_INT_CONVERSION = YES;
				CLANG_WARN_NON_LITERAL_NULL_CONVERSION = YES;
				CLANG_WARN_OBJC_IMPLICIT_RETAIN_SELF = YES;
				CLANG_WARN_OBJC_LITERAL_CONVERSION = YES;
				CLANG_WARN_OBJC_ROOT_CLASS = YES_ERROR;
				CLANG_WARN_RANGE_LOOP_ANALYSIS = YES;
				CLANG_WARN_STRICT_PROTOTYPES = YES;
				CLANG_WARN_SUSPICIOUS_MOVE = YES;
				CLANG_WARN_UNGUARDED_AVAILABILITY = YES_AGGRESSIVE;
				CLANG_WARN_UNREACHABLE_CODE = YES;
				CLANG_WARN__DUPLICATE_METHOD_MATCH = YES;
				CODE_SIGN_IDENTITY = "iPhone Developer";
				COPY_PHASE_STRIP = NO;
				DEBUG_INFORMATION_FORMAT = dwarf;
				ENABLE_STRICT_OBJC_MSGSEND = YES;
				ENABLE_TESTABILITY = YES;
				GCC_C_LANGUAGE_STANDARD = gnu11;
				GCC_DYNAMIC_NO_PIC = NO;
				GCC_NO_COMMON_BLOCKS = YES;
				GCC_OPTIMIZATION_LEVEL = 0;
				GCC_PREPROCESSOR_DEFINITIONS = (
					"DEBUG=1",
					"$(inherited)",
				);
				GCC_WARN_64_TO_32_BIT_CONVERSION = YES;
				GCC_WARN_ABOUT_RETURN_TYPE = YES_ERROR;
				GCC_WARN_UNDECLARED_SELECTOR = YES;
				GCC_WARN_UNINITIALIZED_AUTOS = YES_AGGRESSIVE;
				GCC_WARN_UNUSED_FUNCTION = YES;
				GCC_WARN_UNUSED_VARIABLE = YES;
				IPHONEOS_DEPLOYMENT_TARGET = 11.4;
				MTL_ENABLE_DEBUG_INFO = YES;
				ONLY_ACTIVE_ARCH = YES;
				SDKROOT = iphoneos;
				SWIFT_ACTIVE_COMPILATION_CONDITIONS = DEBUG;
				SWIFT_OPTIMIZATION_LEVEL = "-Onone";
			};
			name = Debug;
		};
		6733EAC7214808FD00617836 /* Release */ = {
			isa = XCBuildConfiguration;
			buildSettings = {
				ALWAYS_SEARCH_USER_PATHS = NO;
				CLANG_ANALYZER_NONNULL = YES;
				CLANG_ANALYZER_NUMBER_OBJECT_CONVERSION = YES_AGGRESSIVE;
				CLANG_CXX_LANGUAGE_STANDARD = "gnu++14";
				CLANG_CXX_LIBRARY = "libc++";
				CLANG_ENABLE_MODULES = YES;
				CLANG_ENABLE_OBJC_ARC = YES;
				CLANG_ENABLE_OBJC_WEAK = YES;
				CLANG_WARN_BLOCK_CAPTURE_AUTORELEASING = YES;
				CLANG_WARN_BOOL_CONVERSION = YES;
				CLANG_WARN_COMMA = YES;
				CLANG_WARN_CONSTANT_CONVERSION = YES;
				CLANG_WARN_DEPRECATED_OBJC_IMPLEMENTATIONS = YES;
				CLANG_WARN_DIRECT_OBJC_ISA_USAGE = YES_ERROR;
				CLANG_WARN_DOCUMENTATION_COMMENTS = YES;
				CLANG_WARN_EMPTY_BODY = YES;
				CLANG_WARN_ENUM_CONVERSION = YES;
				CLANG_WARN_INFINITE_RECURSION = YES;
				CLANG_WARN_INT_CONVERSION = YES;
				CLANG_WARN_NON_LITERAL_NULL_CONVERSION = YES;
				CLANG_WARN_OBJC_IMPLICIT_RETAIN_SELF = YES;
				CLANG_WARN_OBJC_LITERAL_CONVERSION = YES;
				CLANG_WARN_OBJC_ROOT_CLASS = YES_ERROR;
				CLANG_WARN_RANGE_LOOP_ANALYSIS = YES;
				CLANG_WARN_STRICT_PROTOTYPES = YES;
				CLANG_WARN_SUSPICIOUS_MOVE = YES;
				CLANG_WARN_UNGUARDED_AVAILABILITY = YES_AGGRESSIVE;
				CLANG_WARN_UNREACHABLE_CODE = YES;
				CLANG_WARN__DUPLICATE_METHOD_MATCH = YES;
				CODE_SIGN_IDENTITY = "iPhone Developer";
				COPY_PHASE_STRIP = NO;
				DEBUG_INFORMATION_FORMAT = "dwarf-with-dsym";
				ENABLE_NS_ASSERTIONS = NO;
				ENABLE_STRICT_OBJC_MSGSEND = YES;
				GCC_C_LANGUAGE_STANDARD = gnu11;
				GCC_NO_COMMON_BLOCKS = YES;
				GCC_WARN_64_TO_32_BIT_CONVERSION = YES;
				GCC_WARN_ABOUT_RETURN_TYPE = YES_ERROR;
				GCC_WARN_UNDECLARED_SELECTOR = YES;
				GCC_WARN_UNINITIALIZED_AUTOS = YES_AGGRESSIVE;
				GCC_WARN_UNUSED_FUNCTION = YES;
				GCC_WARN_UNUSED_VARIABLE = YES;
				IPHONEOS_DEPLOYMENT_TARGET = 11.4;
				MTL_ENABLE_DEBUG_INFO = NO;
				SDKROOT = iphoneos;
				SWIFT_COMPILATION_MODE = wholemodule;
				SWIFT_OPTIMIZATION_LEVEL = "-O";
				VALIDATE_PRODUCT = YES;
			};
			name = Release;
		};
		6733EAC9214808FD00617836 /* Debug */ = {
			isa = XCBuildConfiguration;
			buildSettings = {
				ASSETCATALOG_COMPILER_APPICON_NAME = AppIcon;
				CODE_SIGN_STYLE = Automatic;
				INFOPLIST_FILE = FlixDemo03/Info.plist;
				LD_RUNPATH_SEARCH_PATHS = (
					"$(inherited)",
					"@executable_path/Frameworks",
				);
				PRODUCT_BUNDLE_IDENTIFIER = KimchiKabab.FlixDemo03;
				PRODUCT_NAME = "$(TARGET_NAME)";
				SWIFT_VERSION = 4.0;
				TARGETED_DEVICE_FAMILY = "1,2";
			};
			name = Debug;
		};
		6733EACA214808FD00617836 /* Release */ = {
			isa = XCBuildConfiguration;
			buildSettings = {
				ASSETCATALOG_COMPILER_APPICON_NAME = AppIcon;
				CODE_SIGN_STYLE = Automatic;
				INFOPLIST_FILE = FlixDemo03/Info.plist;
				LD_RUNPATH_SEARCH_PATHS = (
					"$(inherited)",
					"@executable_path/Frameworks",
				);
				PRODUCT_BUNDLE_IDENTIFIER = KimchiKabab.FlixDemo03;
				PRODUCT_NAME = "$(TARGET_NAME)";
				SWIFT_VERSION = 4.0;
				TARGETED_DEVICE_FAMILY = "1,2";
			};
			name = Release;
		};
		6733EACC214808FD00617836 /* Debug */ = {
			isa = XCBuildConfiguration;
			buildSettings = {
				ALWAYS_EMBED_SWIFT_STANDARD_LIBRARIES = YES;
				BUNDLE_LOADER = "$(TEST_HOST)";
				CODE_SIGN_STYLE = Automatic;
				INFOPLIST_FILE = FlixDemo03Tests/Info.plist;
				LD_RUNPATH_SEARCH_PATHS = (
					"$(inherited)",
					"@executable_path/Frameworks",
					"@loader_path/Frameworks",
				);
				PRODUCT_BUNDLE_IDENTIFIER = KimchiKabab.FlixDemo03Tests;
				PRODUCT_NAME = "$(TARGET_NAME)";
				SWIFT_VERSION = 4.0;
				TARGETED_DEVICE_FAMILY = "1,2";
				TEST_HOST = "$(BUILT_PRODUCTS_DIR)/FlixDemo03.app/FlixDemo03";
			};
			name = Debug;
		};
		6733EACD214808FD00617836 /* Release */ = {
			isa = XCBuildConfiguration;
			buildSettings = {
				ALWAYS_EMBED_SWIFT_STANDARD_LIBRARIES = YES;
				BUNDLE_LOADER = "$(TEST_HOST)";
				CODE_SIGN_STYLE = Automatic;
				INFOPLIST_FILE = FlixDemo03Tests/Info.plist;
				LD_RUNPATH_SEARCH_PATHS = (
					"$(inherited)",
					"@executable_path/Frameworks",
					"@loader_path/Frameworks",
				);
				PRODUCT_BUNDLE_IDENTIFIER = KimchiKabab.FlixDemo03Tests;
				PRODUCT_NAME = "$(TARGET_NAME)";
				SWIFT_VERSION = 4.0;
				TARGETED_DEVICE_FAMILY = "1,2";
				TEST_HOST = "$(BUILT_PRODUCTS_DIR)/FlixDemo03.app/FlixDemo03";
			};
			name = Release;
		};
		6733EACF214808FD00617836 /* Debug */ = {
			isa = XCBuildConfiguration;
			buildSettings = {
				ALWAYS_EMBED_SWIFT_STANDARD_LIBRARIES = YES;
				CODE_SIGN_STYLE = Automatic;
				INFOPLIST_FILE = FlixDemo03UITests/Info.plist;
				LD_RUNPATH_SEARCH_PATHS = (
					"$(inherited)",
					"@executable_path/Frameworks",
					"@loader_path/Frameworks",
				);
				PRODUCT_BUNDLE_IDENTIFIER = KimchiKabab.FlixDemo03UITests;
				PRODUCT_NAME = "$(TARGET_NAME)";
				SWIFT_VERSION = 4.0;
				TARGETED_DEVICE_FAMILY = "1,2";
				TEST_TARGET_NAME = FlixDemo03;
			};
			name = Debug;
		};
		6733EAD0214808FD00617836 /* Release */ = {
			isa = XCBuildConfiguration;
			buildSettings = {
				ALWAYS_EMBED_SWIFT_STANDARD_LIBRARIES = YES;
				CODE_SIGN_STYLE = Automatic;
				INFOPLIST_FILE = FlixDemo03UITests/Info.plist;
				LD_RUNPATH_SEARCH_PATHS = (
					"$(inherited)",
					"@executable_path/Frameworks",
					"@loader_path/Frameworks",
				);
				PRODUCT_BUNDLE_IDENTIFIER = KimchiKabab.FlixDemo03UITests;
				PRODUCT_NAME = "$(TARGET_NAME)";
				SWIFT_VERSION = 4.0;
				TARGETED_DEVICE_FAMILY = "1,2";
				TEST_TARGET_NAME = FlixDemo03;
			};
			name = Release;
		};
/* End XCBuildConfiguration section */

/* Begin XCConfigurationList section */
		6733EA9B214808FA00617836 /* Build configuration list for PBXProject "FlixDemo03" */ = {
			isa = XCConfigurationList;
			buildConfigurations = (
				6733EAC6214808FD00617836 /* Debug */,
				6733EAC7214808FD00617836 /* Release */,
			);
			defaultConfigurationIsVisible = 0;
			defaultConfigurationName = Release;
		};
		6733EAC8214808FD00617836 /* Build configuration list for PBXNativeTarget "FlixDemo03" */ = {
			isa = XCConfigurationList;
			buildConfigurations = (
				6733EAC9214808FD00617836 /* Debug */,
				6733EACA214808FD00617836 /* Release */,
			);
			defaultConfigurationIsVisible = 0;
			defaultConfigurationName = Release;
		};
		6733EACB214808FD00617836 /* Build configuration list for PBXNativeTarget "FlixDemo03Tests" */ = {
			isa = XCConfigurationList;
			buildConfigurations = (
				6733EACC214808FD00617836 /* Debug */,
				6733EACD214808FD00617836 /* Release */,
			);
			defaultConfigurationIsVisible = 0;
			defaultConfigurationName = Release;
		};
		6733EACE214808FD00617836 /* Build configuration list for PBXNativeTarget "FlixDemo03UITests" */ = {
			isa = XCConfigurationList;
			buildConfigurations = (
				6733EACF214808FD00617836 /* Debug */,
				6733EAD0214808FD00617836 /* Release */,
			);
			defaultConfigurationIsVisible = 0;
			defaultConfigurationName = Release;
		};
/* End XCConfigurationList section */
	};
	rootObject = 6733EA98214808FA00617836 /* Project object */;
}
